
Microsoft Visual Studio Solution File, Format Version 12.00
# Visual Studio Version 17
VisualStudioVersion = 17.0.32112.339
MinimumVisualStudioVersion = 10.0.40219.1
Project("{9A19103F-16F7-4668-BE54-9A1E7A4F7556}") = "Sample.BankHoliday.Service", "Sample.BankHoliday.Service\Sample.BankHoliday.Service.csproj", "{E758A226-5686-4400-B4B3-03C33FA7D10E}"
EndProject
Project("{00D1A9C2-B5F0-4AF3-8072-F6C62B433612}") = "Sample.BankHoliday.Database", "Sample.BankHoliday.Database\Sample.BankHoliday.Database.sqlproj", "{BC5EF4F2-0368-4371-87B8-141160BF73CA}"
EndProject
Project("{9A19103F-16F7-4668-BE54-9A1E7A4F7556}") = "Sample.iPaaS.OData", "Sample.iPaaS.OData\Sample.iPaaS.OData.csproj", "{C6C7AACE-676F-4A0E-88BB-9DABE484D9C5}"
EndProject
Global
	GlobalSection(SolutionConfigurationPlatforms) = preSolution
		Debug|Any CPU = Debug|Any CPU
		Release|Any CPU = Release|Any CPU
	EndGlobalSection
	GlobalSection(ProjectConfigurationPlatforms) = postSolution
		{E758A226-5686-4400-B4B3-03C33FA7D10E}.Debug|Any CPU.ActiveCfg = Debug|Any CPU
		{E758A226-5686-4400-B4B3-03C33FA7D10E}.Debug|Any CPU.Build.0 = Debug|Any CPU
		{E758A226-5686-4400-B4B3-03C33FA7D10E}.Release|Any CPU.ActiveCfg = Release|Any CPU
		{E758A226-5686-4400-B4B3-03C33FA7D10E}.Release|Any CPU.Build.0 = Release|Any CPU
		{BC5EF4F2-0368-4371-87B8-141160BF73CA}.Debug|Any CPU.ActiveCfg = Debug|Any CPU
		{BC5EF4F2-0368-4371-87B8-141160BF73CA}.Debug|Any CPU.Build.0 = Debug|Any CPU
		{BC5EF4F2-0368-4371-87B8-141160BF73CA}.Debug|Any CPU.Deploy.0 = Debug|Any CPU
		{BC5EF4F2-0368-4371-87B8-141160BF73CA}.Release|Any CPU.ActiveCfg = Release|Any CPU
		{BC5EF4F2-0368-4371-87B8-141160BF73CA}.Release|Any CPU.Build.0 = Release|Any CPU
		{BC5EF4F2-0368-4371-87B8-141160BF73CA}.Release|Any CPU.Deploy.0 = Release|Any CPU
		{C6C7AACE-676F-4A0E-88BB-9DABE484D9C5}.Debug|Any CPU.ActiveCfg = Debug|Any CPU
		{C6C7AACE-676F-4A0E-88BB-9DABE484D9C5}.Debug|Any CPU.Build.0 = Debug|Any CPU
		{C6C7AACE-676F-4A0E-88BB-9DABE484D9C5}.Release|Any CPU.ActiveCfg = Release|Any CPU
		{C6C7AACE-676F-4A0E-88BB-9DABE484D9C5}.Release|Any CPU.Build.0 = Release|Any CPU
	EndGlobalSection
	GlobalSection(SolutionProperties) = preSolution
		HideSolutionNode = FALSE
	EndGlobalSection
	GlobalSection(ExtensibilityGlobals) = postSolution
		SolutionGuid = {4711509E-F209-494F-AF29-D23D061C3015}
	EndGlobalSection
EndGlobal
